
Microsoft Visual Studio Solution File, Format Version 12.00
# Visual Studio Version 17
VisualStudioVersion = 17.5.002.0
MinimumVisualStudioVersion = 10.0.40219.1
Project("{2150E333-8FDC-42A3-9474-1A3956D46DE8}") = "backendCSharp", "backendCSharp", "{1F40473A-68D4-446E-ABCD-7EF336A9B724}"
EndProject
Project("{9A19103F-16F7-4668-BE54-9A1E7A4F7556}") = "Spanish-Amigo-Service", "backendCSharp\Spanish-Amigo-Service\Spanish-Amigo-Service.csproj", "{7F317A74-3BE5-4CCD-96C4-4C7B022B2D5A}"
EndProject
Global
	GlobalSection(SolutionConfigurationPlatforms) = preSolution
		Debug|Any CPU = Debug|Any CPU
		Release|Any CPU = Release|Any CPU
	EndGlobalSection
	GlobalSection(ProjectConfigurationPlatforms) = postSolution
		{7F317A74-3BE5-4CCD-96C4-4C7B022B2D5A}.Debug|Any CPU.ActiveCfg = Debug|Any CPU
		{7F317A74-3BE5-4CCD-96C4-4C7B022B2D5A}.Debug|Any CPU.Build.0 = Debug|Any CPU
		{7F317A74-3BE5-4CCD-96C4-4C7B022B2D5A}.Release|Any CPU.ActiveCfg = Release|Any CPU
		{7F317A74-3BE5-4CCD-96C4-4C7B022B2D5A}.Release|Any CPU.Build.0 = Release|Any CPU
	EndGlobalSection
	GlobalSection(SolutionProperties) = preSolution
		HideSolutionNode = FALSE
	EndGlobalSection
	GlobalSection(NestedProjects) = preSolution
		{7F317A74-3BE5-4CCD-96C4-4C7B022B2D5A} = {1F40473A-68D4-446E-ABCD-7EF336A9B724}
	EndGlobalSection
	GlobalSection(ExtensibilityGlobals) = postSolution
		SolutionGuid = {BEDCB4D5-11FD-4680-99F7-C2C6975ED1FA}
	EndGlobalSection
EndGlobal
